// !$*UTF8*$!
{
	archiveVersion = 1;
	classes = {
	};
	objectVersion = 50;
	objects = {

/* Begin PBXBuildFile section */
		F0265A7C21E5FD7200FF7553 /* AppDelegate.swift in Sources */ = {isa = PBXBuildFile; fileRef = F0265A7B21E5FD7200FF7553 /* AppDelegate.swift */; };
		F0265A7E21E5FD7200FF7553 /* ViewController.swift in Sources */ = {isa = PBXBuildFile; fileRef = F0265A7D21E5FD7200FF7553 /* ViewController.swift */; };
		F0265A8121E5FD7200FF7553 /* Main.storyboard in Resources */ = {isa = PBXBuildFile; fileRef = F0265A7F21E5FD7200FF7553 /* Main.storyboard */; };
		F0265A8321E5FD7400FF7553 /* Assets.xcassets in Resources */ = {isa = PBXBuildFile; fileRef = F0265A8221E5FD7400FF7553 /* Assets.xcassets */; };
		F0265A9121E5FD7400FF7553 /* HLSVideoDownloaderTests.swift in Sources */ = {isa = PBXBuildFile; fileRef = F0265A9021E5FD7400FF7553 /* HLSVideoDownloaderTests.swift */; };
		F0265A9C21E5FD7400FF7553 /* HLSVideoDownloaderUITests.swift in Sources */ = {isa = PBXBuildFile; fileRef = F0265A9B21E5FD7400FF7553 /* HLSVideoDownloaderUITests.swift */; };
		F0265AAB21E5FDFE00FF7553 /* LaunchScreen.storyboard in Resources */ = {isa = PBXBuildFile; fileRef = F0265AA921E5FDFE00FF7553 /* LaunchScreen.storyboard */; };
		F0265AB021E5FE4800FF7553 /* AssetStore.swift in Sources */ = {isa = PBXBuildFile; fileRef = F0265AAD21E5FE4800FF7553 /* AssetStore.swift */; };
		F0265AB121E5FE4800FF7553 /* DownloadSessionManager.swift in Sources */ = {isa = PBXBuildFile; fileRef = F0265AAE21E5FE4800FF7553 /* DownloadSessionManager.swift */; };
		F0265AB221E5FE4800FF7553 /* HLSion.swift in Sources */ = {isa = PBXBuildFile; fileRef = F0265AAF21E5FE4800FF7553 /* HLSion.swift */; };
		F0265AB421E5FE7A00FF7553 /* VideoPlayerVC.swift in Sources */ = {isa = PBXBuildFile; fileRef = F0265AB321E5FE7A00FF7553 /* VideoPlayerVC.swift */; };
		F0D0395F21E60161006B71B9 /* ATPlayerUtils.swift in Sources */ = {isa = PBXBuildFile; fileRef = F0D0395721E60160006B71B9 /* ATPlayerUtils.swift */; };
		F0D0396021E60161006B71B9 /* ATVideoPlayerView.xib in Resources */ = {isa = PBXBuildFile; fileRef = F0D0395821E60160006B71B9 /* ATVideoPlayerView.xib */; };
		F0D0396121E60161006B71B9 /* ATVideoPlayerView.swift in Sources */ = {isa = PBXBuildFile; fileRef = F0D0395921E60160006B71B9 /* ATVideoPlayerView.swift */; };
		F0D0396221E60161006B71B9 /* VideoControlView.xib in Resources */ = {isa = PBXBuildFile; fileRef = F0D0395A21E60160006B71B9 /* VideoControlView.xib */; };
		F0D0396321E60161006B71B9 /* ATPlayerImage.xcassets in Resources */ = {isa = PBXBuildFile; fileRef = F0D0395B21E60161006B71B9 /* ATPlayerImage.xcassets */; };
		F0D0396421E60161006B71B9 /* TimeFormat.swift in Sources */ = {isa = PBXBuildFile; fileRef = F0D0395C21E60161006B71B9 /* TimeFormat.swift */; };
		F0D0396521E60161006B71B9 /* ATPlayerSlider.swift in Sources */ = {isa = PBXBuildFile; fileRef = F0D0395D21E60161006B71B9 /* ATPlayerSlider.swift */; };
		F0D0396621E60161006B71B9 /* VideoControlView.swift in Sources */ = {isa = PBXBuildFile; fileRef = F0D0395E21E60161006B71B9 /* VideoControlView.swift */; };
/* End PBXBuildFile section */

/* Begin PBXContainerItemProxy section */
		F0265A8D21E5FD7400FF7553 /* PBXContainerItemProxy */ = {
			isa = PBXContainerItemProxy;
			containerPortal = F0265A7021E5FD7200FF7553 /* Project object */;
			proxyType = 1;
			remoteGlobalIDString = F0265A7721E5FD7200FF7553;
			remoteInfo = HLSVideoDownloader;
		};
		F0265A9821E5FD7400FF7553 /* PBXContainerItemProxy */ = {
			isa = PBXContainerItemProxy;
			containerPortal = F0265A7021E5FD7200FF7553 /* Project object */;
			proxyType = 1;
			remoteGlobalIDString = F0265A7721E5FD7200FF7553;
			remoteInfo = HLSVideoDownloader;
		};
/* End PBXContainerItemProxy section */

/* Begin PBXFileReference section */
		F0265A7821E5FD7200FF7553 /* HLSVideoDownloader.app */ = {isa = PBXFileReference; explicitFileType = wrapper.application; includeInIndex = 0; path = HLSVideoDownloader.app; sourceTree = BUILT_PRODUCTS_DIR; };
		F0265A7B21E5FD7200FF7553 /* AppDelegate.swift */ = {isa = PBXFileReference; lastKnownFileType = sourcecode.swift; path = AppDelegate.swift; sourceTree = "<group>"; };
		F0265A7D21E5FD7200FF7553 /* ViewController.swift */ = {isa = PBXFileReference; lastKnownFileType = sourcecode.swift; path = ViewController.swift; sourceTree = "<group>"; };
		F0265A8021E5FD7200FF7553 /* Base */ = {isa = PBXFileReference; lastKnownFileType = file.storyboard; name = Base; path = Base.lproj/Main.storyboard; sourceTree = "<group>"; };
		F0265A8221E5FD7400FF7553 /* Assets.xcassets */ = {isa = PBXFileReference; lastKnownFileType = folder.assetcatalog; path = Assets.xcassets; sourceTree = "<group>"; };
		F0265A8721E5FD7400FF7553 /* Info.plist */ = {isa = PBXFileReference; lastKnownFileType = text.plist.xml; path = Info.plist; sourceTree = "<group>"; };
		F0265A8C21E5FD7400FF7553 /* HLSVideoDownloaderTests.xctest */ = {isa = PBXFileReference; explicitFileType = wrapper.cfbundle; includeInIndex = 0; path = HLSVideoDownloaderTests.xctest; sourceTree = BUILT_PRODUCTS_DIR; };
		F0265A9021E5FD7400FF7553 /* HLSVideoDownloaderTests.swift */ = {isa = PBXFileReference; lastKnownFileType = sourcecode.swift; path = HLSVideoDownloaderTests.swift; sourceTree = "<group>"; };
		F0265A9221E5FD7400FF7553 /* Info.plist */ = {isa = PBXFileReference; lastKnownFileType = text.plist.xml; path = Info.plist; sourceTree = "<group>"; };
		F0265A9721E5FD7400FF7553 /* HLSVideoDownloaderUITests.xctest */ = {isa = PBXFileReference; explicitFileType = wrapper.cfbundle; includeInIndex = 0; path = HLSVideoDownloaderUITests.xctest; sourceTree = BUILT_PRODUCTS_DIR; };
		F0265A9B21E5FD7400FF7553 /* HLSVideoDownloaderUITests.swift */ = {isa = PBXFileReference; lastKnownFileType = sourcecode.swift; path = HLSVideoDownloaderUITests.swift; sourceTree = "<group>"; };
		F0265A9D21E5FD7400FF7553 /* Info.plist */ = {isa = PBXFileReference; lastKnownFileType = text.plist.xml; path = Info.plist; sourceTree = "<group>"; };
		F0265AAA21E5FDFE00FF7553 /* Base */ = {isa = PBXFileReference; lastKnownFileType = file.storyboard; name = Base; path = Base.lproj/LaunchScreen.storyboard; sourceTree = "<group>"; };
		F0265AAD21E5FE4800FF7553 /* AssetStore.swift */ = {isa = PBXFileReference; fileEncoding = 4; lastKnownFileType = sourcecode.swift; path = AssetStore.swift; sourceTree = "<group>"; };
		F0265AAE21E5FE4800FF7553 /* DownloadSessionManager.swift */ = {isa = PBXFileReference; fileEncoding = 4; lastKnownFileType = sourcecode.swift; path = DownloadSessionManager.swift; sourceTree = "<group>"; };
		F0265AAF21E5FE4800FF7553 /* HLSion.swift */ = {isa = PBXFileReference; fileEncoding = 4; lastKnownFileType = sourcecode.swift; path = HLSion.swift; sourceTree = "<group>"; };
		F0265AB321E5FE7A00FF7553 /* VideoPlayerVC.swift */ = {isa = PBXFileReference; fileEncoding = 4; lastKnownFileType = sourcecode.swift; path = VideoPlayerVC.swift; sourceTree = "<group>"; };
		F0D0395721E60160006B71B9 /* ATPlayerUtils.swift */ = {isa = PBXFileReference; fileEncoding = 4; lastKnownFileType = sourcecode.swift; path = ATPlayerUtils.swift; sourceTree = "<group>"; };
		F0D0395821E60160006B71B9 /* ATVideoPlayerView.xib */ = {isa = PBXFileReference; fileEncoding = 4; lastKnownFileType = file.xib; path = ATVideoPlayerView.xib; sourceTree = "<group>"; };
		F0D0395921E60160006B71B9 /* ATVideoPlayerView.swift */ = {isa = PBXFileReference; fileEncoding = 4; lastKnownFileType = sourcecode.swift; path = ATVideoPlayerView.swift; sourceTree = "<group>"; };
		F0D0395A21E60160006B71B9 /* VideoControlView.xib */ = {isa = PBXFileReference; fileEncoding = 4; lastKnownFileType = file.xib; path = VideoControlView.xib; sourceTree = "<group>"; };
		F0D0395B21E60161006B71B9 /* ATPlayerImage.xcassets */ = {isa = PBXFileReference; lastKnownFileType = folder.assetcatalog; path = ATPlayerImage.xcassets; sourceTree = "<group>"; };
		F0D0395C21E60161006B71B9 /* TimeFormat.swift */ = {isa = PBXFileReference; fileEncoding = 4; lastKnownFileType = sourcecode.swift; path = TimeFormat.swift; sourceTree = "<group>"; };
		F0D0395D21E60161006B71B9 /* ATPlayerSlider.swift */ = {isa = PBXFileReference; fileEncoding = 4; lastKnownFileType = sourcecode.swift; path = ATPlayerSlider.swift; sourceTree = "<group>"; };
		F0D0395E21E60161006B71B9 /* VideoControlView.swift */ = {isa = PBXFileReference; fileEncoding = 4; lastKnownFileType = sourcecode.swift; path = VideoControlView.swift; sourceTree = "<group>"; };
/* End PBXFileReference section */

/* Begin PBXFrameworksBuildPhase section */
		F0265A7521E5FD7200FF7553 /* Frameworks */ = {
			isa = PBXFrameworksBuildPhase;
			buildActionMask = 2147483647;
			files = (
			);
			runOnlyForDeploymentPostprocessing = 0;
		};
		F0265A8921E5FD7400FF7553 /* Frameworks */ = {
			isa = PBXFrameworksBuildPhase;
			buildActionMask = 2147483647;
			files = (
			);
			runOnlyForDeploymentPostprocessing = 0;
		};
		F0265A9421E5FD7400FF7553 /* Frameworks */ = {
			isa = PBXFrameworksBuildPhase;
			buildActionMask = 2147483647;
			files = (
			);
			runOnlyForDeploymentPostprocessing = 0;
		};
/* End PBXFrameworksBuildPhase section */

/* Begin PBXGroup section */
		F0265A6F21E5FD7200FF7553 = {
			isa = PBXGroup;
			children = (
				F0265A7A21E5FD7200FF7553 /* HLSVideoDownloader */,
				F0265A8F21E5FD7400FF7553 /* HLSVideoDownloaderTests */,
				F0265A9A21E5FD7400FF7553 /* HLSVideoDownloaderUITests */,
				F0265A7921E5FD7200FF7553 /* Products */,
			);
			sourceTree = "<group>";
		};
		F0265A7921E5FD7200FF7553 /* Products */ = {
			isa = PBXGroup;
			children = (
				F0265A7821E5FD7200FF7553 /* HLSVideoDownloader.app */,
				F0265A8C21E5FD7400FF7553 /* HLSVideoDownloaderTests.xctest */,
				F0265A9721E5FD7400FF7553 /* HLSVideoDownloaderUITests.xctest */,
			);
			name = Products;
			sourceTree = "<group>";
		};
		F0265A7A21E5FD7200FF7553 /* HLSVideoDownloader */ = {
			isa = PBXGroup;
			children = (
				F0265A7B21E5FD7200FF7553 /* AppDelegate.swift */,
				F0265AAC21E5FE3400FF7553 /* Resource */,
				F0265A7D21E5FD7200FF7553 /* ViewController.swift */,
				F0265AB321E5FE7A00FF7553 /* VideoPlayerVC.swift */,
				F0265A7F21E5FD7200FF7553 /* Main.storyboard */,
				F0265A8221E5FD7400FF7553 /* Assets.xcassets */,
				F0265A8721E5FD7400FF7553 /* Info.plist */,
				F0265AA921E5FDFE00FF7553 /* LaunchScreen.storyboard */,
			);
			path = HLSVideoDownloader;
			sourceTree = "<group>";
		};
		F0265A8F21E5FD7400FF7553 /* HLSVideoDownloaderTests */ = {
			isa = PBXGroup;
			children = (
				F0265A9021E5FD7400FF7553 /* HLSVideoDownloaderTests.swift */,
				F0265A9221E5FD7400FF7553 /* Info.plist */,
			);
			path = HLSVideoDownloaderTests;
			sourceTree = "<group>";
		};
		F0265A9A21E5FD7400FF7553 /* HLSVideoDownloaderUITests */ = {
			isa = PBXGroup;
			children = (
				F0265A9B21E5FD7400FF7553 /* HLSVideoDownloaderUITests.swift */,
				F0265A9D21E5FD7400FF7553 /* Info.plist */,
			);
			path = HLSVideoDownloaderUITests;
			sourceTree = "<group>";
		};
		F0265AAC21E5FE3400FF7553 /* Resource */ = {
			isa = PBXGroup;
			children = (
				F0265AAD21E5FE4800FF7553 /* AssetStore.swift */,
				F0265AAE21E5FE4800FF7553 /* DownloadSessionManager.swift */,
				F0265AAF21E5FE4800FF7553 /* HLSion.swift */,
				F0D0395621E60148006B71B9 /* Player */,
			);
			path = Resource;
			sourceTree = "<group>";
		};
		F0D0395621E60148006B71B9 /* Player */ = {
			isa = PBXGroup;
			children = (
				F0D0395B21E60161006B71B9 /* ATPlayerImage.xcassets */,
				F0D0395D21E60161006B71B9 /* ATPlayerSlider.swift */,
				F0D0395721E60160006B71B9 /* ATPlayerUtils.swift */,
				F0D0395921E60160006B71B9 /* ATVideoPlayerView.swift */,
				F0D0395821E60160006B71B9 /* ATVideoPlayerView.xib */,
				F0D0395C21E60161006B71B9 /* TimeFormat.swift */,
				F0D0395E21E60161006B71B9 /* VideoControlView.swift */,
				F0D0395A21E60160006B71B9 /* VideoControlView.xib */,
			);
			path = Player;
			sourceTree = "<group>";
		};
/* End PBXGroup section */

/* Begin PBXNativeTarget section */
		F0265A7721E5FD7200FF7553 /* HLSVideoDownloader */ = {
			isa = PBXNativeTarget;
			buildConfigurationList = F0265AA021E5FD7400FF7553 /* Build configuration list for PBXNativeTarget "HLSVideoDownloader" */;
			buildPhases = (
				F0265A7421E5FD7200FF7553 /* Sources */,
				F0265A7521E5FD7200FF7553 /* Frameworks */,
				F0265A7621E5FD7200FF7553 /* Resources */,
			);
			buildRules = (
			);
			dependencies = (
			);
			name = HLSVideoDownloader;
			productName = HLSVideoDownloader;
			productReference = F0265A7821E5FD7200FF7553 /* HLSVideoDownloader.app */;
			productType = "com.apple.product-type.application";
		};
		F0265A8B21E5FD7400FF7553 /* HLSVideoDownloaderTests */ = {
			isa = PBXNativeTarget;
			buildConfigurationList = F0265AA321E5FD7400FF7553 /* Build configuration list for PBXNativeTarget "HLSVideoDownloaderTests" */;
			buildPhases = (
				F0265A8821E5FD7400FF7553 /* Sources */,
				F0265A8921E5FD7400FF7553 /* Frameworks */,
				F0265A8A21E5FD7400FF7553 /* Resources */,
			);
			buildRules = (
			);
			dependencies = (
				F0265A8E21E5FD7400FF7553 /* PBXTargetDependency */,
			);
			name = HLSVideoDownloaderTests;
			productName = HLSVideoDownloaderTests;
			productReference = F0265A8C21E5FD7400FF7553 /* HLSVideoDownloaderTests.xctest */;
			productType = "com.apple.product-type.bundle.unit-test";
		};
		F0265A9621E5FD7400FF7553 /* HLSVideoDownloaderUITests */ = {
			isa = PBXNativeTarget;
			buildConfigurationList = F0265AA621E5FD7400FF7553 /* Build configuration list for PBXNativeTarget "HLSVideoDownloaderUITests" */;
			buildPhases = (
				F0265A9321E5FD7400FF7553 /* Sources */,
				F0265A9421E5FD7400FF7553 /* Frameworks */,
				F0265A9521E5FD7400FF7553 /* Resources */,
			);
			buildRules = (
			);
			dependencies = (
				F0265A9921E5FD7400FF7553 /* PBXTargetDependency */,
			);
			name = HLSVideoDownloaderUITests;
			productName = HLSVideoDownloaderUITests;
			productReference = F0265A9721E5FD7400FF7553 /* HLSVideoDownloaderUITests.xctest */;
			productType = "com.apple.product-type.bundle.ui-testing";
		};
/* End PBXNativeTarget section */

/* Begin PBXProject section */
		F0265A7021E5FD7200FF7553 /* Project object */ = {
			isa = PBXProject;
			attributes = {
				LastSwiftUpdateCheck = 1000;
				LastUpgradeCheck = 1000;
				ORGANIZATIONNAME = "Amrit Tiwari";
				TargetAttributes = {
					F0265A7721E5FD7200FF7553 = {
						CreatedOnToolsVersion = 10.0;
					};
					F0265A8B21E5FD7400FF7553 = {
						CreatedOnToolsVersion = 10.0;
						TestTargetID = F0265A7721E5FD7200FF7553;
					};
					F0265A9621E5FD7400FF7553 = {
						CreatedOnToolsVersion = 10.0;
						TestTargetID = F0265A7721E5FD7200FF7553;
					};
				};
			};
			buildConfigurationList = F0265A7321E5FD7200FF7553 /* Build configuration list for PBXProject "HLSVideoDownloader" */;
			compatibilityVersion = "Xcode 9.3";
			developmentRegion = en;
			hasScannedForEncodings = 0;
			knownRegions = (
				en,
				Base,
			);
			mainGroup = F0265A6F21E5FD7200FF7553;
			productRefGroup = F0265A7921E5FD7200FF7553 /* Products */;
			projectDirPath = "";
			projectRoot = "";
			targets = (
				F0265A7721E5FD7200FF7553 /* HLSVideoDownloader */,
				F0265A8B21E5FD7400FF7553 /* HLSVideoDownloaderTests */,
				F0265A9621E5FD7400FF7553 /* HLSVideoDownloaderUITests */,
			);
		};
/* End PBXProject section */

/* Begin PBXResourcesBuildPhase section */
		F0265A7621E5FD7200FF7553 /* Resources */ = {
			isa = PBXResourcesBuildPhase;
			buildActionMask = 2147483647;
			files = (
				F0265AAB21E5FDFE00FF7553 /* LaunchScreen.storyboard in Resources */,
				F0D0396221E60161006B71B9 /* VideoControlView.xib in Resources */,
				F0265A8321E5FD7400FF7553 /* Assets.xcassets in Resources */,
				F0D0396321E60161006B71B9 /* ATPlayerImage.xcassets in Resources */,
				F0D0396021E60161006B71B9 /* ATVideoPlayerView.xib in Resources */,
				F0265A8121E5FD7200FF7553 /* Main.storyboard in Resources */,
			);
			runOnlyForDeploymentPostprocessing = 0;
		};
		F0265A8A21E5FD7400FF7553 /* Resources */ = {
			isa = PBXResourcesBuildPhase;
			buildActionMask = 2147483647;
			files = (
			);
			runOnlyForDeploymentPostprocessing = 0;
		};
		F0265A9521E5FD7400FF7553 /* Resources */ = {
			isa = PBXResourcesBuildPhase;
			buildActionMask = 2147483647;
			files = (
			);
			runOnlyForDeploymentPostprocessing = 0;
		};
/* End PBXResourcesBuildPhase section */

/* Begin PBXSourcesBuildPhase section */
		F0265A7421E5FD7200FF7553 /* Sources */ = {
			isa = PBXSourcesBuildPhase;
			buildActionMask = 2147483647;
			files = (
				F0265AB221E5FE4800FF7553 /* HLSion.swift in Sources */,
				F0D0395F21E60161006B71B9 /* ATPlayerUtils.swift in Sources */,
				F0265A7E21E5FD7200FF7553 /* ViewController.swift in Sources */,
				F0265A7C21E5FD7200FF7553 /* AppDelegate.swift in Sources */,
				F0265AB121E5FE4800FF7553 /* DownloadSessionManager.swift in Sources */,
				F0265AB021E5FE4800FF7553 /* AssetStore.swift in Sources */,
				F0D0396421E60161006B71B9 /* TimeFormat.swift in Sources */,
				F0D0396121E60161006B71B9 /* ATVideoPlayerView.swift in Sources */,
				F0D0396621E60161006B71B9 /* VideoControlView.swift in Sources */,
				F0D0396521E60161006B71B9 /* ATPlayerSlider.swift in Sources */,
				F0265AB421E5FE7A00FF7553 /* VideoPlayerVC.swift in Sources */,
			);
			runOnlyForDeploymentPostprocessing = 0;
		};
		F0265A8821E5FD7400FF7553 /* Sources */ = {
			isa = PBXSourcesBuildPhase;
			buildActionMask = 2147483647;
			files = (
				F0265A9121E5FD7400FF7553 /* HLSVideoDownloaderTests.swift in Sources */,
			);
			runOnlyForDeploymentPostprocessing = 0;
		};
		F0265A9321E5FD7400FF7553 /* Sources */ = {
			isa = PBXSourcesBuildPhase;
			buildActionMask = 2147483647;
			files = (
				F0265A9C21E5FD7400FF7553 /* HLSVideoDownloaderUITests.swift in Sources */,
			);
			runOnlyForDeploymentPostprocessing = 0;
		};
/* End PBXSourcesBuildPhase section */

/* Begin PBXTargetDependency section */
		F0265A8E21E5FD7400FF7553 /* PBXTargetDependency */ = {
			isa = PBXTargetDependency;
			target = F0265A7721E5FD7200FF7553 /* HLSVideoDownloader */;
			targetProxy = F0265A8D21E5FD7400FF7553 /* PBXContainerItemProxy */;
		};
		F0265A9921E5FD7400FF7553 /* PBXTargetDependency */ = {
			isa = PBXTargetDependency;
			target = F0265A7721E5FD7200FF7553 /* HLSVideoDownloader */;
			targetProxy = F0265A9821E5FD7400FF7553 /* PBXContainerItemProxy */;
		};
/* End PBXTargetDependency section */

/* Begin PBXVariantGroup section */
		F0265A7F21E5FD7200FF7553 /* Main.storyboard */ = {
			isa = PBXVariantGroup;
			children = (
				F0265A8021E5FD7200FF7553 /* Base */,
			);
			name = Main.storyboard;
			sourceTree = "<group>";
		};
		F0265AA921E5FDFE00FF7553 /* LaunchScreen.storyboard */ = {
			isa = PBXVariantGroup;
			children = (
				F0265AAA21E5FDFE00FF7553 /* Base */,
			);
			name = LaunchScreen.storyboard;
			sourceTree = "<group>";
		};
/* End PBXVariantGroup section */

/* Begin XCBuildConfiguration section */
		F0265A9E21E5FD7400FF7553 /* Debug */ = {
			isa = XCBuildConfiguration;
			buildSettings = {
				ALWAYS_SEARCH_USER_PATHS = NO;
				CLANG_ANALYZER_NONNULL = YES;
				CLANG_ANALYZER_NUMBER_OBJECT_CONVERSION = YES_AGGRESSIVE;
				CLANG_CXX_LANGUAGE_STANDARD = "gnu++14";
				CLANG_CXX_LIBRARY = "libc++";
				CLANG_ENABLE_MODULES = YES;
				CLANG_ENABLE_OBJC_ARC = YES;
				CLANG_ENABLE_OBJC_WEAK = YES;
				CLANG_WARN_BLOCK_CAPTURE_AUTORELEASING = YES;
				CLANG_WARN_BOOL_CONVERSION = YES;
				CLANG_WARN_COMMA = YES;
				CLANG_WARN_CONSTANT_CONVERSION = YES;
				CLANG_WARN_DEPRECATED_OBJC_IMPLEMENTATIONS = YES;
				CLANG_WARN_DIRECT_OBJC_ISA_USAGE = YES_ERROR;
				CLANG_WARN_DOCUMENTATION_COMMENTS = YES;
				CLANG_WARN_EMPTY_BODY = YES;
				CLANG_WARN_ENUM_CONVERSION = YES;
				CLANG_WARN_INFINITE_RECURSION = YES;
				CLANG_WARN_INT_CONVERSION = YES;
				CLANG_WARN_NON_LITERAL_NULL_CONVERSION = YES;
				CLANG_WARN_OBJC_IMPLICIT_RETAIN_SELF = YES;
				CLANG_WARN_OBJC_LITERAL_CONVERSION = YES;
				CLANG_WARN_OBJC_ROOT_CLASS = YES_ERROR;
				CLANG_WARN_RANGE_LOOP_ANALYSIS = YES;
				CLANG_WARN_STRICT_PROTOTYPES = YES;
				CLANG_WARN_SUSPICIOUS_MOVE = YES;
				CLANG_WARN_UNGUARDED_AVAILABILITY = YES_AGGRESSIVE;
				CLANG_WARN_UNREACHABLE_CODE = YES;
				CLANG_WARN__DUPLICATE_METHOD_MATCH = YES;
				CODE_SIGN_IDENTITY = "iPhone Developer";
				COPY_PHASE_STRIP = NO;
				DEBUG_INFORMATION_FORMAT = dwarf;
				ENABLE_STRICT_OBJC_MSGSEND = YES;
				ENABLE_TESTABILITY = YES;
				GCC_C_LANGUAGE_STANDARD = gnu11;
				GCC_DYNAMIC_NO_PIC = NO;
				GCC_NO_COMMON_BLOCKS = YES;
				GCC_OPTIMIZATION_LEVEL = 0;
				GCC_PREPROCESSOR_DEFINITIONS = (
					"DEBUG=1",
					"$(inherited)",
				);
				GCC_WARN_64_TO_32_BIT_CONVERSION = YES;
				GCC_WARN_ABOUT_RETURN_TYPE = YES_ERROR;
				GCC_WARN_UNDECLARED_SELECTOR = YES;
				GCC_WARN_UNINITIALIZED_AUTOS = YES_AGGRESSIVE;
				GCC_WARN_UNUSED_FUNCTION = YES;
				GCC_WARN_UNUSED_VARIABLE = YES;
				IPHONEOS_DEPLOYMENT_TARGET = 12.0;
				MTL_ENABLE_DEBUG_INFO = INCLUDE_SOURCE;
				MTL_FAST_MATH = YES;
				ONLY_ACTIVE_ARCH = YES;
				SDKROOT = iphoneos;
				SWIFT_ACTIVE_COMPILATION_CONDITIONS = DEBUG;
				SWIFT_OPTIMIZATION_LEVEL = "-Onone";
			};
			name = Debug;
		};
		F0265A9F21E5FD7400FF7553 /* Release */ = {
			isa = XCBuildConfiguration;
			buildSettings = {
				ALWAYS_SEARCH_USER_PATHS = NO;
				CLANG_ANALYZER_NONNULL = YES;
				CLANG_ANALYZER_NUMBER_OBJECT_CONVERSION = YES_AGGRESSIVE;
				CLANG_CXX_LANGUAGE_STANDARD = "gnu++14";
				CLANG_CXX_LIBRARY = "libc++";
				CLANG_ENABLE_MODULES = YES;
				CLANG_ENABLE_OBJC_ARC = YES;
				CLANG_ENABLE_OBJC_WEAK = YES;
				CLANG_WARN_BLOCK_CAPTURE_AUTORELEASING = YES;
				CLANG_WARN_BOOL_CONVERSION = YES;
				CLANG_WARN_COMMA = YES;
				CLANG_WARN_CONSTANT_CONVERSION = YES;
				CLANG_WARN_DEPRECATED_OBJC_IMPLEMENTATIONS = YES;
				CLANG_WARN_DIRECT_OBJC_ISA_USAGE = YES_ERROR;
				CLANG_WARN_DOCUMENTATION_COMMENTS = YES;
				CLANG_WARN_EMPTY_BODY = YES;
				CLANG_WARN_ENUM_CONVERSION = YES;
				CLANG_WARN_INFINITE_RECURSION = YES;
				CLANG_WARN_INT_CONVERSION = YES;
				CLANG_WARN_NON_LITERAL_NULL_CONVERSION = YES;
				CLANG_WARN_OBJC_IMPLICIT_RETAIN_SELF = YES;
				CLANG_WARN_OBJC_LITERAL_CONVERSION = YES;
				CLANG_WARN_OBJC_ROOT_CLASS = YES_ERROR;
				CLANG_WARN_RANGE_LOOP_ANALYSIS = YES;
				CLANG_WARN_STRICT_PROTOTYPES = YES;
				CLANG_WARN_SUSPICIOUS_MOVE = YES;
				CLANG_WARN_UNGUARDED_AVAILABILITY = YES_AGGRESSIVE;
				CLANG_WARN_UNREACHABLE_CODE = YES;
				CLANG_WARN__DUPLICATE_METHOD_MATCH = YES;
				CODE_SIGN_IDENTITY = "iPhone Developer";
				COPY_PHASE_STRIP = NO;
				DEBUG_INFORMATION_FORMAT = "dwarf-with-dsym";
				ENABLE_NS_ASSERTIONS = NO;
				ENABLE_STRICT_OBJC_MSGSEND = YES;
				GCC_C_LANGUAGE_STANDARD = gnu11;
				GCC_NO_COMMON_BLOCKS = YES;
				GCC_WARN_64_TO_32_BIT_CONVERSION = YES;
				GCC_WARN_ABOUT_RETURN_TYPE = YES_ERROR;
				GCC_WARN_UNDECLARED_SELECTOR = YES;
				GCC_WARN_UNINITIALIZED_AUTOS = YES_AGGRESSIVE;
				GCC_WARN_UNUSED_FUNCTION = YES;
				GCC_WARN_UNUSED_VARIABLE = YES;
				IPHONEOS_DEPLOYMENT_TARGET = 12.0;
				MTL_ENABLE_DEBUG_INFO = NO;
				MTL_FAST_MATH = YES;
				SDKROOT = iphoneos;
				SWIFT_COMPILATION_MODE = wholemodule;
				SWIFT_OPTIMIZATION_LEVEL = "-O";
				VALIDATE_PRODUCT = YES;
			};
			name = Release;
		};
		F0265AA121E5FD7400FF7553 /* Debug */ = {
			isa = XCBuildConfiguration;
			buildSettings = {
				ASSETCATALOG_COMPILER_APPICON_NAME = AppIcon;
				CODE_SIGN_STYLE = Automatic;
				DEVELOPMENT_TEAM = B865P7W52D;
				INFOPLIST_FILE = HLSVideoDownloader/Info.plist;
				IPHONEOS_DEPLOYMENT_TARGET = 10.0;
				LD_RUNPATH_SEARCH_PATHS = (
					"$(inherited)",
					"@executable_path/Frameworks",
				);
				PRODUCT_BUNDLE_IDENTIFIER = com.tiwariammit.HLSVideoDownloader;
				PRODUCT_NAME = "$(TARGET_NAME)";
				SWIFT_VERSION = 4.2;
				TARGETED_DEVICE_FAMILY = "1,2";
			};
			name = Debug;
		};
		F0265AA221E5FD7400FF7553 /* Release */ = {
			isa = XCBuildConfiguration;
			buildSettings = {
				ASSETCATALOG_COMPILER_APPICON_NAME = AppIcon;
				CODE_SIGN_STYLE = Automatic;
				DEVELOPMENT_TEAM = B865P7W52D;
				INFOPLIST_FILE = HLSVideoDownloader/Info.plist;
				IPHONEOS_DEPLOYMENT_TARGET = 10.0;
				LD_RUNPATH_SEARCH_PATHS = (
					"$(inherited)",
					"@executable_path/Frameworks",
				);
				PRODUCT_BUNDLE_IDENTIFIER = com.tiwariammit.HLSVideoDownloader;
				PRODUCT_NAME = "$(TARGET_NAME)";
				SWIFT_VERSION = 4.2;
				TARGETED_DEVICE_FAMILY = "1,2";
			};
			name = Release;
		};
		F0265AA421E5FD7400FF7553 /* Debug */ = {
			isa = XCBuildConfiguration;
			buildSettings = {
				ALWAYS_EMBED_SWIFT_STANDARD_LIBRARIES = YES;
				BUNDLE_LOADER = "$(TEST_HOST)";
				CODE_SIGN_STYLE = Automatic;
				DEVELOPMENT_TEAM = B865P7W52D;
				INFOPLIST_FILE = HLSVideoDownloaderTests/Info.plist;
				LD_RUNPATH_SEARCH_PATHS = (
					"$(inherited)",
					"@executable_path/Frameworks",
					"@loader_path/Frameworks",
				);
				PRODUCT_BUNDLE_IDENTIFIER = com.tiwariammit.HLSVideoDownloaderTests;
				PRODUCT_NAME = "$(TARGET_NAME)";
				SWIFT_VERSION = 4.2;
				TARGETED_DEVICE_FAMILY = "1,2";
				TEST_HOST = "$(BUILT_PRODUCTS_DIR)/HLSVideoDownloader.app/HLSVideoDownloader";
			};
			name = Debug;
		};
		F0265AA521E5FD7400FF7553 /* Release */ = {
			isa = XCBuildConfiguration;
			buildSettings = {
				ALWAYS_EMBED_SWIFT_STANDARD_LIBRARIES = YES;
				BUNDLE_LOADER = "$(TEST_HOST)";
				CODE_SIGN_STYLE = Automatic;
				DEVELOPMENT_TEAM = B865P7W52D;
				INFOPLIST_FILE = HLSVideoDownloaderTests/Info.plist;
				LD_RUNPATH_SEARCH_PATHS = (
					"$(inherited)",
					"@executable_path/Frameworks",
					"@loader_path/Frameworks",
				);
				PRODUCT_BUNDLE_IDENTIFIER = com.tiwariammit.HLSVideoDownloaderTests;
				PRODUCT_NAME = "$(TARGET_NAME)";
				SWIFT_VERSION = 4.2;
				TARGETED_DEVICE_FAMILY = "1,2";
				TEST_HOST = "$(BUILT_PRODUCTS_DIR)/HLSVideoDownloader.app/HLSVideoDownloader";
			};
			name = Release;
		};
		F0265AA721E5FD7400FF7553 /* Debug */ = {
			isa = XCBuildConfiguration;
			buildSettings = {
				ALWAYS_EMBED_SWIFT_STANDARD_LIBRARIES = YES;
				CODE_SIGN_STYLE = Automatic;
				DEVELOPMENT_TEAM = B865P7W52D;
				INFOPLIST_FILE = HLSVideoDownloaderUITests/Info.plist;
				LD_RUNPATH_SEARCH_PATHS = (
					"$(inherited)",
					"@executable_path/Frameworks",
					"@loader_path/Frameworks",
				);
				PRODUCT_BUNDLE_IDENTIFIER = com.tiwariammit.HLSVideoDownloaderUITests;
				PRODUCT_NAME = "$(TARGET_NAME)";
				SWIFT_VERSION = 4.2;
				TARGETED_DEVICE_FAMILY = "1,2";
				TEST_TARGET_NAME = HLSVideoDownloader;
			};
			name = Debug;
		};
		F0265AA821E5FD7400FF7553 /* Release */ = {
			isa = XCBuildConfiguration;
			buildSettings = {
				ALWAYS_EMBED_SWIFT_STANDARD_LIBRARIES = YES;
				CODE_SIGN_STYLE = Automatic;
				DEVELOPMENT_TEAM = B865P7W52D;
				INFOPLIST_FILE = HLSVideoDownloaderUITests/Info.plist;
				LD_RUNPATH_SEARCH_PATHS = (
					"$(inherited)",
					"@executable_path/Frameworks",
					"@loader_path/Frameworks",
				);
				PRODUCT_BUNDLE_IDENTIFIER = com.tiwariammit.HLSVideoDownloaderUITests;
				PRODUCT_NAME = "$(TARGET_NAME)";
				SWIFT_VERSION = 4.2;
				TARGETED_DEVICE_FAMILY = "1,2";
				TEST_TARGET_NAME = HLSVideoDownloader;
			};
			name = Release;
		};
/* End XCBuildConfiguration section */

/* Begin XCConfigurationList section */
		F0265A7321E5FD7200FF7553 /* Build configuration list for PBXProject "HLSVideoDownloader" */ = {
			isa = XCConfigurationList;
			buildConfigurations = (
				F0265A9E21E5FD7400FF7553 /* Debug */,
				F0265A9F21E5FD7400FF7553 /* Release */,
			);
			defaultConfigurationIsVisible = 0;
			defaultConfigurationName = Release;
		};
		F0265AA021E5FD7400FF7553 /* Build configuration list for PBXNativeTarget "HLSVideoDownloader" */ = {
			isa = XCConfigurationList;
			buildConfigurations = (
				F0265AA121E5FD7400FF7553 /* Debug */,
				F0265AA221E5FD7400FF7553 /* Release */,
			);
			defaultConfigurationIsVisible = 0;
			defaultConfigurationName = Release;
		};
		F0265AA321E5FD7400FF7553 /* Build configuration list for PBXNativeTarget "HLSVideoDownloaderTests" */ = {
			isa = XCConfigurationList;
			buildConfigurations = (
				F0265AA421E5FD7400FF7553 /* Debug */,
				F0265AA521E5FD7400FF7553 /* Release */,
			);
			defaultConfigurationIsVisible = 0;
			defaultConfigurationName = Release;
		};
		F0265AA621E5FD7400FF7553 /* Build configuration list for PBXNativeTarget "HLSVideoDownloaderUITests" */ = {
			isa = XCConfigurationList;
			buildConfigurations = (
				F0265AA721E5FD7400FF7553 /* Debug */,
				F0265AA821E5FD7400FF7553 /* Release */,
			);
			defaultConfigurationIsVisible = 0;
			defaultConfigurationName = Release;
		};
/* End XCConfigurationList section */
	};
	rootObject = F0265A7021E5FD7200FF7553 /* Project object */;
}
